#include<iostream>
#include <cmath>
using namespace std;

int main()
{ 
    int mc²=1;      //1為代數，並非數值 (只是為了讓程式跑得起來)
    int E = mc²;    //這條只是讓程式看起來很屌，無實際用處   

    string question("你知道嗎 ? ");
    string answer1("根據愛因斯坦的質能轉換公式(E = mc平方)可換算出你的質量等於多少焦耳");
    string answer2("接下來再將結果帶入歐拉恆等式 e ^ iπ + 1 = 0");
    string answer3("可以得出");
    string point("。");
    string final_answer("你是甲甲");

        cout << question << endl << answer1 << endl << answer2 << endl << answer3 << endl;
        cout << point << endl << point << endl << point << endl;
        cout << final_answer;

    return 0;
}
